
Microsoft Visual Studio Solution File, Format Version 12.00
# Visual Studio 14
VisualStudioVersion = 14.0.25123.0
MinimumVisualStudioVersion = 10.0.40219.1
Project("{FAE04EC0-301F-11D3-BF4B-00C04F79EFBC}") = "HelloWorld.Desktop", "HelloWorld.Desktop\HelloWorld.Desktop.csproj", "{8B3D861A-E606-4CE1-931C-8B2EAF40B18B}"
EndProject
Project("{FAE04EC0-301F-11D3-BF4B-00C04F79EFBC}") = "HelloWorldModule", "HelloWorldModule\HelloWorldModule.csproj", "{151DB4F4-FE7B-42D5-98E5-8B55A9A6CEE9}"
EndProject
Global
	GlobalSection(SolutionConfigurationPlatforms) = preSolution
		Debug|Any CPU = Debug|Any CPU
		Release|Any CPU = Release|Any CPU
	EndGlobalSection
	GlobalSection(ProjectConfigurationPlatforms) = postSolution
		{8B3D861A-E606-4CE1-931C-8B2EAF40B18B}.Debug|Any CPU.ActiveCfg = Debug|Any CPU
		{8B3D861A-E606-4CE1-931C-8B2EAF40B18B}.Debug|Any CPU.Build.0 = Debug|Any CPU
		{8B3D861A-E606-4CE1-931C-8B2EAF40B18B}.Release|Any CPU.ActiveCfg = Release|Any CPU
		{8B3D861A-E606-4CE1-931C-8B2EAF40B18B}.Release|Any CPU.Build.0 = Release|Any CPU
		{151DB4F4-FE7B-42D5-98E5-8B55A9A6CEE9}.Debug|Any CPU.ActiveCfg = Debug|Any CPU
		{151DB4F4-FE7B-42D5-98E5-8B55A9A6CEE9}.Debug|Any CPU.Build.0 = Debug|Any CPU
		{151DB4F4-FE7B-42D5-98E5-8B55A9A6CEE9}.Release|Any CPU.ActiveCfg = Release|Any CPU
		{151DB4F4-FE7B-42D5-98E5-8B55A9A6CEE9}.Release|Any CPU.Build.0 = Release|Any CPU
	EndGlobalSection
	GlobalSection(SolutionProperties) = preSolution
		HideSolutionNode = FALSE
	EndGlobalSection
EndGlobal
